
Microsoft Visual Studio Solution File, Format Version 12.00
Project("{FAE04EC0-301F-11D3-BF4B-00C04F79EFBC}") = "RiskProducer", "RiskProducer\RiskProducer.csproj", "{6B734572-DC08-4B45-9CF7-20FEA581E5D2}"
EndProject
Project("{FAE04EC0-301F-11D3-BF4B-00C04F79EFBC}") = "RiskStateLambda", "RiskStateLambda\src\RiskStateLambda\RiskStateLambda.csproj", "{1B078613-2883-4162-8A9F-0808CF3CD860}"
EndProject
Project("{FAE04EC0-301F-11D3-BF4B-00C04F79EFBC}") = "RiskReduceLambda", "RiskReduceLambda\src\RiskReduceLambda\RiskReduceLambda.csproj", "{11539F63-DD89-404D-A3EF-EFC44F3DB175}"
EndProject
Project("{FAE04EC0-301F-11D3-BF4B-00C04F79EFBC}") = "RiskMapLambda", "RiskMapLambda\src\RiskMapLambda\RiskMapLambda.csproj", "{63FE203D-5BDB-4FB3-9021-B73B506C2C12}"
EndProject
Project("{FAE04EC0-301F-11D3-BF4B-00C04F79EFBC}") = "RiskMapLambda.Tests", "RiskMapLambda\test\RiskMapLambda.Tests\RiskMapLambda.Tests.csproj", "{038EA2EB-C024-4BFB-99AE-95D57F815F7F}"
EndProject
Project("{FAE04EC0-301F-11D3-BF4B-00C04F79EFBC}") = "RiskReduceLambda.Tests", "RiskReduceLambda\test\RiskReduceLambda.Tests\RiskReduceLambda.Tests.csproj", "{C6529892-41A3-47EC-9EFA-ED7C33970234}"
EndProject
Project("{FAE04EC0-301F-11D3-BF4B-00C04F79EFBC}") = "RiskStateLambda.Tests", "RiskStateLambda\test\RiskStateLambda.Tests\RiskStateLambda.Tests.csproj", "{69EAD978-3C5A-4F32-B900-B5FA4722089F}"
EndProject
Global
	GlobalSection(SolutionConfigurationPlatforms) = preSolution
		Debug|Any CPU = Debug|Any CPU
		Release|Any CPU = Release|Any CPU
	EndGlobalSection
	GlobalSection(ProjectConfigurationPlatforms) = postSolution
		{6B734572-DC08-4B45-9CF7-20FEA581E5D2}.Debug|Any CPU.ActiveCfg = Debug|Any CPU
		{6B734572-DC08-4B45-9CF7-20FEA581E5D2}.Debug|Any CPU.Build.0 = Debug|Any CPU
		{6B734572-DC08-4B45-9CF7-20FEA581E5D2}.Release|Any CPU.ActiveCfg = Release|Any CPU
		{6B734572-DC08-4B45-9CF7-20FEA581E5D2}.Release|Any CPU.Build.0 = Release|Any CPU
		{1B078613-2883-4162-8A9F-0808CF3CD860}.Debug|Any CPU.ActiveCfg = Debug|Any CPU
		{1B078613-2883-4162-8A9F-0808CF3CD860}.Debug|Any CPU.Build.0 = Debug|Any CPU
		{1B078613-2883-4162-8A9F-0808CF3CD860}.Release|Any CPU.ActiveCfg = Release|Any CPU
		{1B078613-2883-4162-8A9F-0808CF3CD860}.Release|Any CPU.Build.0 = Release|Any CPU
		{11539F63-DD89-404D-A3EF-EFC44F3DB175}.Debug|Any CPU.ActiveCfg = Debug|Any CPU
		{11539F63-DD89-404D-A3EF-EFC44F3DB175}.Debug|Any CPU.Build.0 = Debug|Any CPU
		{11539F63-DD89-404D-A3EF-EFC44F3DB175}.Release|Any CPU.ActiveCfg = Release|Any CPU
		{11539F63-DD89-404D-A3EF-EFC44F3DB175}.Release|Any CPU.Build.0 = Release|Any CPU
		{63FE203D-5BDB-4FB3-9021-B73B506C2C12}.Debug|Any CPU.ActiveCfg = Debug|Any CPU
		{63FE203D-5BDB-4FB3-9021-B73B506C2C12}.Debug|Any CPU.Build.0 = Debug|Any CPU
		{63FE203D-5BDB-4FB3-9021-B73B506C2C12}.Release|Any CPU.ActiveCfg = Release|Any CPU
		{63FE203D-5BDB-4FB3-9021-B73B506C2C12}.Release|Any CPU.Build.0 = Release|Any CPU
		{038EA2EB-C024-4BFB-99AE-95D57F815F7F}.Debug|Any CPU.ActiveCfg = Debug|Any CPU
		{038EA2EB-C024-4BFB-99AE-95D57F815F7F}.Debug|Any CPU.Build.0 = Debug|Any CPU
		{038EA2EB-C024-4BFB-99AE-95D57F815F7F}.Release|Any CPU.ActiveCfg = Release|Any CPU
		{038EA2EB-C024-4BFB-99AE-95D57F815F7F}.Release|Any CPU.Build.0 = Release|Any CPU
		{C6529892-41A3-47EC-9EFA-ED7C33970234}.Debug|Any CPU.ActiveCfg = Debug|Any CPU
		{C6529892-41A3-47EC-9EFA-ED7C33970234}.Debug|Any CPU.Build.0 = Debug|Any CPU
		{C6529892-41A3-47EC-9EFA-ED7C33970234}.Release|Any CPU.ActiveCfg = Release|Any CPU
		{C6529892-41A3-47EC-9EFA-ED7C33970234}.Release|Any CPU.Build.0 = Release|Any CPU
		{69EAD978-3C5A-4F32-B900-B5FA4722089F}.Debug|Any CPU.ActiveCfg = Debug|Any CPU
		{69EAD978-3C5A-4F32-B900-B5FA4722089F}.Debug|Any CPU.Build.0 = Debug|Any CPU
		{69EAD978-3C5A-4F32-B900-B5FA4722089F}.Release|Any CPU.ActiveCfg = Release|Any CPU
		{69EAD978-3C5A-4F32-B900-B5FA4722089F}.Release|Any CPU.Build.0 = Release|Any CPU
	EndGlobalSection
EndGlobal
